
Microsoft Visual Studio Solution File, Format Version 12.00
# Visual Studio Version 16
VisualStudioVersion = 16.0.30320.27
MinimumVisualStudioVersion = 10.0.40219.1
Project("{FAE04EC0-301F-11D3-BF4B-00C04F79EFBC}") = "F28027TempTest", "F28027TempTest\F28027TempTest.csproj", "{467C9084-47BB-411C-BE61-64CA3750AA51}"
EndProject
Global
	GlobalSection(SolutionConfigurationPlatforms) = preSolution
		Debug|Any CPU = Debug|Any CPU
		Release|Any CPU = Release|Any CPU
	EndGlobalSection
	GlobalSection(ProjectConfigurationPlatforms) = postSolution
		{467C9084-47BB-411C-BE61-64CA3750AA51}.Debug|Any CPU.ActiveCfg = Debug|Any CPU
		{467C9084-47BB-411C-BE61-64CA3750AA51}.Debug|Any CPU.Build.0 = Debug|Any CPU
		{467C9084-47BB-411C-BE61-64CA3750AA51}.Release|Any CPU.ActiveCfg = Release|Any CPU
		{467C9084-47BB-411C-BE61-64CA3750AA51}.Release|Any CPU.Build.0 = Release|Any CPU
	EndGlobalSection
	GlobalSection(SolutionProperties) = preSolution
		HideSolutionNode = FALSE
	EndGlobalSection
	GlobalSection(ExtensibilityGlobals) = postSolution
		SolutionGuid = {DC4B821E-49C8-47CF-9A7C-5AE7062D94FC}
	EndGlobalSection
EndGlobal
